
Microsoft Visual Studio Solution File, Format Version 12.00
# Visual Studio Version 17
VisualStudioVersion = 17.7.34024.191
MinimumVisualStudioVersion = 10.0.40219.1
Project("{FAE04EC0-301F-11D3-BF4B-00C04F79EFBC}") = "cars", "cars.csproj", "{4BB9F65F-2AEF-4C08-959B-24068282D53A}"
EndProject
Global
	GlobalSection(SolutionConfigurationPlatforms) = preSolution
		Debug|Any CPU = Debug|Any CPU
		Release|Any CPU = Release|Any CPU
	EndGlobalSection
	GlobalSection(ProjectConfigurationPlatforms) = postSolution
		{4BB9F65F-2AEF-4C08-959B-24068282D53A}.Debug|Any CPU.ActiveCfg = Debug|Any CPU
		{4BB9F65F-2AEF-4C08-959B-24068282D53A}.Debug|Any CPU.Build.0 = Debug|Any CPU
		{4BB9F65F-2AEF-4C08-959B-24068282D53A}.Release|Any CPU.ActiveCfg = Release|Any CPU
		{4BB9F65F-2AEF-4C08-959B-24068282D53A}.Release|Any CPU.Build.0 = Release|Any CPU
	EndGlobalSection
	GlobalSection(SolutionProperties) = preSolution
		HideSolutionNode = FALSE
	EndGlobalSection
	GlobalSection(ExtensibilityGlobals) = postSolution
		SolutionGuid = {E5077CEA-7FEA-4ED1-A5FA-6B6A9E18AB22}
	EndGlobalSection
EndGlobal
